// !$*UTF8*$!
{ archiveVersion = 1; objectVersion = 56; objects = {
000000000000000000000064 = { isa = PBXFileReference; lastKnownFileType = sourcecode.swift; path = GreetingSchedulerApp.swift; sourceTree = "<group>"; };
0000000000000000000000C8 = { isa = PBXBuildFile; fileRef = 000000000000000000000064; };
000000000000000000000065 = { isa = PBXFileReference; lastKnownFileType = sourcecode.swift; path = LaunchAgentManager.swift; sourceTree = "<group>"; };
0000000000000000000000C9 = { isa = PBXBuildFile; fileRef = 000000000000000000000065; };
000000000000000000000066 = { isa = PBXFileReference; lastKnownFileType = sourcecode.swift; path = ProcessRunner.swift; sourceTree = "<group>"; };
0000000000000000000000CA = { isa = PBXBuildFile; fileRef = 000000000000000000000066; };
000000000000000000000067 = { isa = PBXFileReference; lastKnownFileType = sourcecode.swift; path = SchedulerModel.swift; sourceTree = "<group>"; };
0000000000000000000000CB = { isa = PBXBuildFile; fileRef = 000000000000000000000067; };
000000000000000000000068 = { isa = PBXFileReference; lastKnownFileType = sourcecode.swift; path = SchedulerView.swift; sourceTree = "<group>"; };
0000000000000000000000CC = { isa = PBXBuildFile; fileRef = 000000000000000000000068; };
000000000000000000000069 = { isa = PBXFileReference; lastKnownFileType = sourcecode.swift; path = SettingsStore.swift; sourceTree = "<group>"; };
0000000000000000000000CD = { isa = PBXBuildFile; fileRef = 000000000000000000000069; };
00000000000000000000006A = { isa = PBXFileReference; lastKnownFileType = sourcecode.swift; path = SettingsView.swift; sourceTree = "<group>"; };
0000000000000000000000CE = { isa = PBXBuildFile; fileRef = 00000000000000000000006A; };
000000000000000000000001 = { isa = PBXProject; buildConfigurationList = 000000000000000000000010; compatibilityVersion = "Xcode 14.0"; mainGroup = 000000000000000000000002; targets = (000000000000000000000004); };
000000000000000000000002 = { isa = PBXGroup; children = (000000000000000000000003,000000000000000000000005); sourceTree = "<group>"; };
000000000000000000000003 = { isa = PBXGroup; path = GreetingScheduler; sourceTree = "<group>"; children = (000000000000000000000064,000000000000000000000065,000000000000000000000066,000000000000000000000067,000000000000000000000068,000000000000000000000069,00000000000000000000006A,000000000000000000000006,000000000000000000000016); };
000000000000000000000004 = { isa = PBXNativeTarget; name = AutoSessionStart; productName = "Auto Session Start"; productReference = 000000000000000000000005; productType = "com.apple.product-type.application"; buildConfigurationList = 000000000000000000000011; buildPhases = (000000000000000000000008,000000000000000000000009); };
000000000000000000000005 = { isa = PBXFileReference; explicitFileType = wrapper.application; path = "Auto Session Start.app"; sourceTree = BUILT_PRODUCTS_DIR; };
000000000000000000000006 = { isa = PBXFileReference; lastKnownFileType = text.script.sh; path = Resources/runner.sh; sourceTree = "<group>"; };
000000000000000000000007 = { isa = PBXBuildFile; fileRef = 000000000000000000000006; };
000000000000000000000008 = { isa = PBXSourcesBuildPhase; files = (0000000000000000000000C8,0000000000000000000000C9,0000000000000000000000CA,0000000000000000000000CB,0000000000000000000000CC,0000000000000000000000CD,0000000000000000000000CE); };
000000000000000000000009 = { isa = PBXResourcesBuildPhase; files = (000000000000000000000007,000000000000000000000017); };
000000000000000000000010 = { isa = XCConfigurationList; buildConfigurations = (000000000000000000000012,000000000000000000000013); defaultConfigurationIsVisible = 0; defaultConfigurationName = Release; };
000000000000000000000011 = { isa = XCConfigurationList; buildConfigurations = (000000000000000000000014,000000000000000000000015); defaultConfigurationIsVisible = 0; defaultConfigurationName = Release; };
000000000000000000000012 = { isa = XCBuildConfiguration; name = Debug; buildSettings = { MACOSX_DEPLOYMENT_TARGET = 13.0; SDKROOT = macosx; SWIFT_VERSION = 5.0; }; };
000000000000000000000013 = { isa = XCBuildConfiguration; name = Release; buildSettings = { MACOSX_DEPLOYMENT_TARGET = 13.0; SDKROOT = macosx; SWIFT_VERSION = 5.0; }; };
000000000000000000000014 = { isa = XCBuildConfiguration; name = Debug; buildSettings = { MACOSX_DEPLOYMENT_TARGET = 13.0; SDKROOT = macosx; SWIFT_VERSION = 5.0; PRODUCT_NAME = "Auto Session Start"; EXECUTABLE_NAME = AutoSessionStart; PRODUCT_BUNDLE_IDENTIFIER = local.GreetingScheduler; INFOPLIST_FILE = GreetingScheduler/Info.plist; CODE_SIGN_IDENTITY = "-"; CODE_SIGN_STYLE = Manual; ENABLE_APP_SANDBOX = NO; SWIFT_OPTIMIZATION_LEVEL = "-Onone"; }; };
000000000000000000000015 = { isa = XCBuildConfiguration; name = Release; buildSettings = { MACOSX_DEPLOYMENT_TARGET = 13.0; SDKROOT = macosx; SWIFT_VERSION = 5.0; PRODUCT_NAME = "Auto Session Start"; EXECUTABLE_NAME = AutoSessionStart; PRODUCT_BUNDLE_IDENTIFIER = local.GreetingScheduler; INFOPLIST_FILE = GreetingScheduler/Info.plist; CODE_SIGN_IDENTITY = "-"; CODE_SIGN_STYLE = Manual; ENABLE_APP_SANDBOX = NO; SWIFT_OPTIMIZATION_LEVEL = "-O"; }; };
000000000000000000000016 = { isa = PBXFileReference; lastKnownFileType = image.icns; path = Resources/AppIcon.icns; sourceTree = "<group>"; };
000000000000000000000017 = { isa = PBXBuildFile; fileRef = 000000000000000000000016; };
}; rootObject = 000000000000000000000001; }
